
Microsoft Visual Studio Solution File, Format Version 12.00
# Visual Studio Version 17
VisualStudioVersion = 17.4.33403.182
MinimumVisualStudioVersion = 10.0.40219.1
Project("{FAE04EC0-301F-11D3-BF4B-00C04F79EFBC}") = "LoginPage", "LoginPage\LoginPage.csproj", "{5589A030-191B-4372-8323-1C0FC36FBA9C}"
EndProject
Global
	GlobalSection(SolutionConfigurationPlatforms) = preSolution
		Debug|Any CPU = Debug|Any CPU
		Release|Any CPU = Release|Any CPU
	EndGlobalSection
	GlobalSection(ProjectConfigurationPlatforms) = postSolution
		{5589A030-191B-4372-8323-1C0FC36FBA9C}.Debug|Any CPU.ActiveCfg = Debug|Any CPU
		{5589A030-191B-4372-8323-1C0FC36FBA9C}.Debug|Any CPU.Build.0 = Debug|Any CPU
		{5589A030-191B-4372-8323-1C0FC36FBA9C}.Release|Any CPU.ActiveCfg = Release|Any CPU
		{5589A030-191B-4372-8323-1C0FC36FBA9C}.Release|Any CPU.Build.0 = Release|Any CPU
	EndGlobalSection
	GlobalSection(SolutionProperties) = preSolution
		HideSolutionNode = FALSE
	EndGlobalSection
	GlobalSection(ExtensibilityGlobals) = postSolution
		SolutionGuid = {2D622180-1B4B-4EF1-88B1-AABCED799EEF}
	EndGlobalSection
EndGlobal
